
Microsoft Visual Studio Solution File, Format Version 12.00
# Visual Studio 15
Project("{FAE04EC0-301F-11D3-BF4B-00C04F79EFBC}") = "UnityEngine.TestRunner", "UnityEngine.TestRunner.csproj", "{2E0316C5-A04A-D2F1-90AB-611293430060}"
EndProject
Project("{FAE04EC0-301F-11D3-BF4B-00C04F79EFBC}") = "UnityEngine.UI", "UnityEngine.UI.csproj", "{77C39AD6-B38C-F14C-2D53-7744C21A91A0}"
EndProject
Project("{FAE04EC0-301F-11D3-BF4B-00C04F79EFBC}") = "Unity.Timeline", "Unity.Timeline.csproj", "{8DFDDED4-DC43-83E9-BB3A-4C1B6047F7AB}"
EndProject
Project("{FAE04EC0-301F-11D3-BF4B-00C04F79EFBC}") = "Unity.TextMeshPro", "Unity.TextMeshPro.csproj", "{1D6B3590-FBD8-49AF-7842-B7E449F97A61}"
EndProject
Project("{FAE04EC0-301F-11D3-BF4B-00C04F79EFBC}") = "Assembly-CSharp", "Assembly-CSharp.csproj", "{E58EEB26-8DC2-9F42-8ACD-9B99C6384912}"
EndProject
Project("{FAE04EC0-301F-11D3-BF4B-00C04F79EFBC}") = "Unity.Timeline.Editor", "Unity.Timeline.Editor.csproj", "{4F6D39A8-A1A1-997E-0824-A6B8B4AEC85D}"
EndProject
Project("{FAE04EC0-301F-11D3-BF4B-00C04F79EFBC}") = "UnityEditor.TestRunner", "UnityEditor.TestRunner.csproj", "{C9668EB2-B483-C23F-F799-AE7F35EFBAAC}"
EndProject
Project("{FAE04EC0-301F-11D3-BF4B-00C04F79EFBC}") = "UnityEditor.UI", "UnityEditor.UI.csproj", "{07431FC9-B63F-2919-4E6F-CA360DA87257}"
EndProject
Project("{FAE04EC0-301F-11D3-BF4B-00C04F79EFBC}") = "Unity.VisualStudio.Editor", "Unity.VisualStudio.Editor.csproj", "{B886288E-061B-B5AE-5101-033F158CE9AF}"
EndProject
Project("{FAE04EC0-301F-11D3-BF4B-00C04F79EFBC}") = "Unity.TextMeshPro.Editor", "Unity.TextMeshPro.Editor.csproj", "{F3AE994C-B9F8-7908-8313-84F23D617A61}"
EndProject
Project("{FAE04EC0-301F-11D3-BF4B-00C04F79EFBC}") = "Unity.CollabProxy.Editor", "Unity.CollabProxy.Editor.csproj", "{12DD5965-68B4-781D-C61A-9A345E699863}"
EndProject
Project("{FAE04EC0-301F-11D3-BF4B-00C04F79EFBC}") = "Unity.VSCode.Editor", "Unity.VSCode.Editor.csproj", "{9D76D84C-87D7-8C5C-1C26-C37E364EC0A4}"
EndProject
Project("{FAE04EC0-301F-11D3-BF4B-00C04F79EFBC}") = "Unity.Rider.Editor", "Unity.Rider.Editor.csproj", "{C8E2A875-9877-ABBC-8429-3F7AA77F04A2}"
EndProject
Project("{FAE04EC0-301F-11D3-BF4B-00C04F79EFBC}") = "Assembly-CSharp-Editor", "Assembly-CSharp-Editor.csproj", "{E3127CE3-3B97-1557-9EE0-B3800C7D62F5}"
EndProject
Project("{FAE04EC0-301F-11D3-BF4B-00C04F79EFBC}") = "UnityEngine.TestRunner", "UnityEngine.TestRunner.Player.csproj", "{31AB3C41-E80D-00ED-B6E5-56ADB9319AD2}"
EndProject
Project("{FAE04EC0-301F-11D3-BF4B-00C04F79EFBC}") = "UnityEngine.UI", "UnityEngine.UI.Player.csproj", "{9F47A016-4AC4-D778-5AD3-E50744197A42}"
EndProject
Project("{FAE04EC0-301F-11D3-BF4B-00C04F79EFBC}") = "Unity.Timeline", "Unity.Timeline.Player.csproj", "{971101A2-DFAF-330E-A526-4F65D3A4899C}"
EndProject
Project("{FAE04EC0-301F-11D3-BF4B-00C04F79EFBC}") = "Unity.TextMeshPro", "Unity.TextMeshPro.Player.csproj", "{B972E00D-B1F1-782D-1AAD-E7ED6503FF93}"
EndProject
Project("{FAE04EC0-301F-11D3-BF4B-00C04F79EFBC}") = "Assembly-CSharp", "Assembly-CSharp.Player.csproj", "{495519A8-6583-9408-BC39-C214DFFB0DD5}"
EndProject
Global
	GlobalSection(SolutionConfigurationPlatforms) = preSolution
		Debug|Any CPU = Debug|Any CPU
		Release|Any CPU = Release|Any CPU
	EndGlobalSection
	GlobalSection(ProjectConfigurationPlatforms) = postSolution
		{2E0316C5-A04A-D2F1-90AB-611293430060}.Debug|Any CPU.ActiveCfg = Debug|Any CPU
		{2E0316C5-A04A-D2F1-90AB-611293430060}.Debug|Any CPU.Build.0 = Debug|Any CPU
		{2E0316C5-A04A-D2F1-90AB-611293430060}.Release|Any CPU.ActiveCfg = Release|Any CPU
		{2E0316C5-A04A-D2F1-90AB-611293430060}.Release|Any CPU.Build.0 = Release|Any CPU
		{77C39AD6-B38C-F14C-2D53-7744C21A91A0}.Debug|Any CPU.ActiveCfg = Debug|Any CPU
		{77C39AD6-B38C-F14C-2D53-7744C21A91A0}.Debug|Any CPU.Build.0 = Debug|Any CPU
		{77C39AD6-B38C-F14C-2D53-7744C21A91A0}.Release|Any CPU.ActiveCfg = Release|Any CPU
		{77C39AD6-B38C-F14C-2D53-7744C21A91A0}.Release|Any CPU.Build.0 = Release|Any CPU
		{8DFDDED4-DC43-83E9-BB3A-4C1B6047F7AB}.Debug|Any CPU.ActiveCfg = Debug|Any CPU
		{8DFDDED4-DC43-83E9-BB3A-4C1B6047F7AB}.Debug|Any CPU.Build.0 = Debug|Any CPU
		{8DFDDED4-DC43-83E9-BB3A-4C1B6047F7AB}.Release|Any CPU.ActiveCfg = Release|Any CPU
		{8DFDDED4-DC43-83E9-BB3A-4C1B6047F7AB}.Release|Any CPU.Build.0 = Release|Any CPU
		{1D6B3590-FBD8-49AF-7842-B7E449F97A61}.Debug|Any CPU.ActiveCfg = Debug|Any CPU
		{1D6B3590-FBD8-49AF-7842-B7E449F97A61}.Debug|Any CPU.Build.0 = Debug|Any CPU
		{1D6B3590-FBD8-49AF-7842-B7E449F97A61}.Release|Any CPU.ActiveCfg = Release|Any CPU
		{1D6B3590-FBD8-49AF-7842-B7E449F97A61}.Release|Any CPU.Build.0 = Release|Any CPU
		{E58EEB26-8DC2-9F42-8ACD-9B99C6384912}.Debug|Any CPU.ActiveCfg = Debug|Any CPU
		{E58EEB26-8DC2-9F42-8ACD-9B99C6384912}.Debug|Any CPU.Build.0 = Debug|Any CPU
		{E58EEB26-8DC2-9F42-8ACD-9B99C6384912}.Release|Any CPU.ActiveCfg = Release|Any CPU
		{E58EEB26-8DC2-9F42-8ACD-9B99C6384912}.Release|Any CPU.Build.0 = Release|Any CPU
		{4F6D39A8-A1A1-997E-0824-A6B8B4AEC85D}.Debug|Any CPU.ActiveCfg = Debug|Any CPU
		{4F6D39A8-A1A1-997E-0824-A6B8B4AEC85D}.Debug|Any CPU.Build.0 = Debug|Any CPU
		{4F6D39A8-A1A1-997E-0824-A6B8B4AEC85D}.Release|Any CPU.ActiveCfg = Release|Any CPU
		{4F6D39A8-A1A1-997E-0824-A6B8B4AEC85D}.Release|Any CPU.Build.0 = Release|Any CPU
		{C9668EB2-B483-C23F-F799-AE7F35EFBAAC}.Debug|Any CPU.ActiveCfg = Debug|Any CPU
		{C9668EB2-B483-C23F-F799-AE7F35EFBAAC}.Debug|Any CPU.Build.0 = Debug|Any CPU
		{C9668EB2-B483-C23F-F799-AE7F35EFBAAC}.Release|Any CPU.ActiveCfg = Release|Any CPU
		{C9668EB2-B483-C23F-F799-AE7F35EFBAAC}.Release|Any CPU.Build.0 = Release|Any CPU
		{07431FC9-B63F-2919-4E6F-CA360DA87257}.Debug|Any CPU.ActiveCfg = Debug|Any CPU
		{07431FC9-B63F-2919-4E6F-CA360DA87257}.Debug|Any CPU.Build.0 = Debug|Any CPU
		{07431FC9-B63F-2919-4E6F-CA360DA87257}.Release|Any CPU.ActiveCfg = Release|Any CPU
		{07431FC9-B63F-2919-4E6F-CA360DA87257}.Release|Any CPU.Build.0 = Release|Any CPU
		{B886288E-061B-B5AE-5101-033F158CE9AF}.Debug|Any CPU.ActiveCfg = Debug|Any CPU
		{B886288E-061B-B5AE-5101-033F158CE9AF}.Debug|Any CPU.Build.0 = Debug|Any CPU
		{B886288E-061B-B5AE-5101-033F158CE9AF}.Release|Any CPU.ActiveCfg = Release|Any CPU
		{B886288E-061B-B5AE-5101-033F158CE9AF}.Release|Any CPU.Build.0 = Release|Any CPU
		{F3AE994C-B9F8-7908-8313-84F23D617A61}.Debug|Any CPU.ActiveCfg = Debug|Any CPU
		{F3AE994C-B9F8-7908-8313-84F23D617A61}.Debug|Any CPU.Build.0 = Debug|Any CPU
		{F3AE994C-B9F8-7908-8313-84F23D617A61}.Release|Any CPU.ActiveCfg = Release|Any CPU
		{F3AE994C-B9F8-7908-8313-84F23D617A61}.Release|Any CPU.Build.0 = Release|Any CPU
		{12DD5965-68B4-781D-C61A-9A345E699863}.Debug|Any CPU.ActiveCfg = Debug|Any CPU
		{12DD5965-68B4-781D-C61A-9A345E699863}.Debug|Any CPU.Build.0 = Debug|Any CPU
		{12DD5965-68B4-781D-C61A-9A345E699863}.Release|Any CPU.ActiveCfg = Release|Any CPU
		{12DD5965-68B4-781D-C61A-9A345E699863}.Release|Any CPU.Build.0 = Release|Any CPU
		{9D76D84C-87D7-8C5C-1C26-C37E364EC0A4}.Debug|Any CPU.ActiveCfg = Debug|Any CPU
		{9D76D84C-87D7-8C5C-1C26-C37E364EC0A4}.Debug|Any CPU.Build.0 = Debug|Any CPU
		{9D76D84C-87D7-8C5C-1C26-C37E364EC0A4}.Release|Any CPU.ActiveCfg = Release|Any CPU
		{9D76D84C-87D7-8C5C-1C26-C37E364EC0A4}.Release|Any CPU.Build.0 = Release|Any CPU
		{C8E2A875-9877-ABBC-8429-3F7AA77F04A2}.Debug|Any CPU.ActiveCfg = Debug|Any CPU
		{C8E2A875-9877-ABBC-8429-3F7AA77F04A2}.Debug|Any CPU.Build.0 = Debug|Any CPU
		{C8E2A875-9877-ABBC-8429-3F7AA77F04A2}.Release|Any CPU.ActiveCfg = Release|Any CPU
		{C8E2A875-9877-ABBC-8429-3F7AA77F04A2}.Release|Any CPU.Build.0 = Release|Any CPU
		{E3127CE3-3B97-1557-9EE0-B3800C7D62F5}.Debug|Any CPU.ActiveCfg = Debug|Any CPU
		{E3127CE3-3B97-1557-9EE0-B3800C7D62F5}.Debug|Any CPU.Build.0 = Debug|Any CPU
		{E3127CE3-3B97-1557-9EE0-B3800C7D62F5}.Release|Any CPU.ActiveCfg = Release|Any CPU
		{E3127CE3-3B97-1557-9EE0-B3800C7D62F5}.Release|Any CPU.Build.0 = Release|Any CPU
		{31AB3C41-E80D-00ED-B6E5-56ADB9319AD2}.Debug|Any CPU.ActiveCfg = Debug|Any CPU
		{31AB3C41-E80D-00ED-B6E5-56ADB9319AD2}.Debug|Any CPU.Build.0 = Debug|Any CPU
		{31AB3C41-E80D-00ED-B6E5-56ADB9319AD2}.Release|Any CPU.ActiveCfg = Release|Any CPU
		{31AB3C41-E80D-00ED-B6E5-56ADB9319AD2}.Release|Any CPU.Build.0 = Release|Any CPU
		{9F47A016-4AC4-D778-5AD3-E50744197A42}.Debug|Any CPU.ActiveCfg = Debug|Any CPU
		{9F47A016-4AC4-D778-5AD3-E50744197A42}.Debug|Any CPU.Build.0 = Debug|Any CPU
		{9F47A016-4AC4-D778-5AD3-E50744197A42}.Release|Any CPU.ActiveCfg = Release|Any CPU
		{9F47A016-4AC4-D778-5AD3-E50744197A42}.Release|Any CPU.Build.0 = Release|Any CPU
		{971101A2-DFAF-330E-A526-4F65D3A4899C}.Debug|Any CPU.ActiveCfg = Debug|Any CPU
		{971101A2-DFAF-330E-A526-4F65D3A4899C}.Debug|Any CPU.Build.0 = Debug|Any CPU
		{971101A2-DFAF-330E-A526-4F65D3A4899C}.Release|Any CPU.ActiveCfg = Release|Any CPU
		{971101A2-DFAF-330E-A526-4F65D3A4899C}.Release|Any CPU.Build.0 = Release|Any CPU
		{B972E00D-B1F1-782D-1AAD-E7ED6503FF93}.Debug|Any CPU.ActiveCfg = Debug|Any CPU
		{B972E00D-B1F1-782D-1AAD-E7ED6503FF93}.Debug|Any CPU.Build.0 = Debug|Any CPU
		{B972E00D-B1F1-782D-1AAD-E7ED6503FF93}.Release|Any CPU.ActiveCfg = Release|Any CPU
		{B972E00D-B1F1-782D-1AAD-E7ED6503FF93}.Release|Any CPU.Build.0 = Release|Any CPU
		{495519A8-6583-9408-BC39-C214DFFB0DD5}.Debug|Any CPU.ActiveCfg = Debug|Any CPU
		{495519A8-6583-9408-BC39-C214DFFB0DD5}.Debug|Any CPU.Build.0 = Debug|Any CPU
		{495519A8-6583-9408-BC39-C214DFFB0DD5}.Release|Any CPU.ActiveCfg = Release|Any CPU
		{495519A8-6583-9408-BC39-C214DFFB0DD5}.Release|Any CPU.Build.0 = Release|Any CPU
	EndGlobalSection
	GlobalSection(SolutionProperties) = preSolution
		HideSolutionNode = FALSE
	EndGlobalSection
EndGlobal
